
Microsoft Visual Studio Solution File, Format Version 12.00
# Visual Studio Version 16
VisualStudioVersion = 16.0.29102.190
MinimumVisualStudioVersion = 10.0.40219.1
Project("{FAE04EC0-301F-11D3-BF4B-00C04F79EFBC}") = "AzureAD.B2C.BuildTask", "AzureAD.B2C.BuildTask\AzureAD.B2C.BuildTask.csproj", "{AE80AB74-E7CC-41B0-A994-B43A505EF7ED}"
EndProject
Global
	GlobalSection(SolutionConfigurationPlatforms) = preSolution
		Debug|Any CPU = Debug|Any CPU
		Release|Any CPU = Release|Any CPU
	EndGlobalSection
	GlobalSection(ProjectConfigurationPlatforms) = postSolution
		{AE80AB74-E7CC-41B0-A994-B43A505EF7ED}.Debug|Any CPU.ActiveCfg = Debug|Any CPU
		{AE80AB74-E7CC-41B0-A994-B43A505EF7ED}.Debug|Any CPU.Build.0 = Debug|Any CPU
		{AE80AB74-E7CC-41B0-A994-B43A505EF7ED}.Release|Any CPU.ActiveCfg = Release|Any CPU
		{AE80AB74-E7CC-41B0-A994-B43A505EF7ED}.Release|Any CPU.Build.0 = Release|Any CPU
	EndGlobalSection
	GlobalSection(SolutionProperties) = preSolution
		HideSolutionNode = FALSE
	EndGlobalSection
	GlobalSection(ExtensibilityGlobals) = postSolution
		SolutionGuid = {39E134FA-C1FD-46AE-AF60-73DF27D14A9F}
	EndGlobalSection
EndGlobal
